
Microsoft Visual Studio Solution File, Format Version 12.00
# Visual Studio Version 17
VisualStudioVersion = 17.14.36518.9
MinimumVisualStudioVersion = 10.0.40219.1
Project("{8BC9CEB8-8B4A-11D0-8D11-00A0C91BC942}") = "P_00", "P_00\P_00.vcxproj", "{46BC0F48-8D34-40A0-9EC6-37B3643BE111}"
EndProject
Project("{8BC9CEB8-8B4A-11D0-8D11-00A0C91BC942}") = "P_01", "P_01\P_01.vcxproj", "{D3A2A018-63BA-4206-830B-72B91E48541A}"
EndProject
Project("{8BC9CEB8-8B4A-11D0-8D11-00A0C91BC942}") = "P_02", "P_02\P_02.vcxproj", "{A36ECA6E-65D4-4F4B-92FD-C51FF5EF38B0}"
EndProject
Project("{8BC9CEB8-8B4A-11D0-8D11-00A0C91BC942}") = "P_03", "P_03\P_03.vcxproj", "{F4A58BF7-11B5-4169-BC81-8B5E5585CA26}"
EndProject
Project("{8BC9CEB8-8B4A-11D0-8D11-00A0C91BC942}") = "P_04", "P_04\P_04.vcxproj", "{9525E500-932F-4FCB-9B99-8FEF0D7A0585}"
EndProject
Project("{8BC9CEB8-8B4A-11D0-8D11-00A0C91BC942}") = "P_05", "P_05\P_05.vcxproj", "{09894C2F-62CB-4E37-8F13-9C4E28E22511}"
EndProject
Project("{8BC9CEB8-8B4A-11D0-8D11-00A0C91BC942}") = "P_06", "P_06\P_06.vcxproj", "{14D0397D-9540-45FF-BB89-6C8ED4375E01}"
EndProject
Project("{8BC9CEB8-8B4A-11D0-8D11-00A0C91BC942}") = "P_07", "P_07\P_07.vcxproj", "{10665017-0B6B-498E-B094-DC6A6B5667B0}"
EndProject
Project("{8BC9CEB8-8B4A-11D0-8D11-00A0C91BC942}") = "P_08", "P_08\P_08.vcxproj", "{056BDD58-9469-475D-B553-58199BB7DCA6}"
EndProject
Project("{8BC9CEB8-8B4A-11D0-8D11-00A0C91BC942}") = "P_09", "P_09\P_09.vcxproj", "{6FBC5A86-DA45-4058-A3E3-A8D42A3E3A2B}"
EndProject
Project("{8BC9CEB8-8B4A-11D0-8D11-00A0C91BC942}") = "P_10", "P_10\P_10.vcxproj", "{ADB5CC5E-931E-4174-9650-AB8BB033BD37}"
EndProject
Project("{8BC9CEB8-8B4A-11D0-8D11-00A0C91BC942}") = "P_11", "P_11\P_11.vcxproj", "{2C6EFB1B-DDFE-474F-B89F-7596D9196172}"
EndProject
Project("{8BC9CEB8-8B4A-11D0-8D11-00A0C91BC942}") = "P_13", "P_13\P_13.vcxproj", "{3C58FB18-40B8-4CB3-8DE5-33E45D092B8D}"
EndProject
Project("{8BC9CEB8-8B4A-11D0-8D11-00A0C91BC942}") = "P_ET_01", "P_ET_01\P_ET_01.vcxproj", "{B5100344-257C-4EF1-8824-431456D9CA8A}"
EndProject
Project("{8BC9CEB8-8B4A-11D0-8D11-00A0C91BC942}") = "P_12", "P_12\P_12.vcxproj", "{3A9A2EEE-ECB9-4BC1-8F09-1A1A8E33190A}"
EndProject
Project("{8BC9CEB8-8B4A-11D0-8D11-00A0C91BC942}") = "P_14", "P_14\P_14.vcxproj", "{A389BA2D-C357-4E76-909D-EA73F0D7111F}"
EndProject
Project("{8BC9CEB8-8B4A-11D0-8D11-00A0C91BC942}") = "P_15", "P_15\P_15.vcxproj", "{CF54D3A4-82EC-40FA-8172-2B105E3DF2A7}"
EndProject
Project("{8BC9CEB8-8B4A-11D0-8D11-00A0C91BC942}") = "P_16", "P_16\P_16.vcxproj", "{A39E3F51-3468-475A-9025-5CC33B6CA495}"
EndProject
Project("{8BC9CEB8-8B4A-11D0-8D11-00A0C91BC942}") = "P_17", "P_17\P_17.vcxproj", "{98763E4C-6B32-4D3C-B796-9EBB7DDD88D6}"
EndProject
Project("{8BC9CEB8-8B4A-11D0-8D11-00A0C91BC942}") = "P_18", "P_18\P_18.vcxproj", "{3A586679-BDE1-4402-B3AB-9554243F9CC3}"
EndProject
Project("{8BC9CEB8-8B4A-11D0-8D11-00A0C91BC942}") = "P_ET_02", "P_ET_02\P_ET_02.vcxproj", "{3882B421-8057-4D8B-8545-AEE51A222D9F}"
EndProject
Global
	GlobalSection(SolutionConfigurationPlatforms) = preSolution
		Debug|x64 = Debug|x64
		Debug|x86 = Debug|x86
		Release|x64 = Release|x64
		Release|x86 = Release|x86
	EndGlobalSection
	GlobalSection(ProjectConfigurationPlatforms) = postSolution
		{46BC0F48-8D34-40A0-9EC6-37B3643BE111}.Debug|x64.ActiveCfg = Debug|x64
		{46BC0F48-8D34-40A0-9EC6-37B3643BE111}.Debug|x64.Build.0 = Debug|x64
		{46BC0F48-8D34-40A0-9EC6-37B3643BE111}.Debug|x86.ActiveCfg = Debug|Win32
		{46BC0F48-8D34-40A0-9EC6-37B3643BE111}.Debug|x86.Build.0 = Debug|Win32
		{46BC0F48-8D34-40A0-9EC6-37B3643BE111}.Release|x64.ActiveCfg = Release|x64
		{46BC0F48-8D34-40A0-9EC6-37B3643BE111}.Release|x64.Build.0 = Release|x64
		{46BC0F48-8D34-40A0-9EC6-37B3643BE111}.Release|x86.ActiveCfg = Release|Win32
		{46BC0F48-8D34-40A0-9EC6-37B3643BE111}.Release|x86.Build.0 = Release|Win32
		{D3A2A018-63BA-4206-830B-72B91E48541A}.Debug|x64.ActiveCfg = Debug|x64
		{D3A2A018-63BA-4206-830B-72B91E48541A}.Debug|x64.Build.0 = Debug|x64
		{D3A2A018-63BA-4206-830B-72B91E48541A}.Debug|x86.ActiveCfg = Debug|Win32
		{D3A2A018-63BA-4206-830B-72B91E48541A}.Debug|x86.Build.0 = Debug|Win32
		{D3A2A018-63BA-4206-830B-72B91E48541A}.Release|x64.ActiveCfg = Release|x64
		{D3A2A018-63BA-4206-830B-72B91E48541A}.Release|x64.Build.0 = Release|x64
		{D3A2A018-63BA-4206-830B-72B91E48541A}.Release|x86.ActiveCfg = Release|Win32
		{D3A2A018-63BA-4206-830B-72B91E48541A}.Release|x86.Build.0 = Release|Win32
		{A36ECA6E-65D4-4F4B-92FD-C51FF5EF38B0}.Debug|x64.ActiveCfg = Debug|x64
		{A36ECA6E-65D4-4F4B-92FD-C51FF5EF38B0}.Debug|x64.Build.0 = Debug|x64
		{A36ECA6E-65D4-4F4B-92FD-C51FF5EF38B0}.Debug|x86.ActiveCfg = Debug|Win32
		{A36ECA6E-65D4-4F4B-92FD-C51FF5EF38B0}.Debug|x86.Build.0 = Debug|Win32
		{A36ECA6E-65D4-4F4B-92FD-C51FF5EF38B0}.Release|x64.ActiveCfg = Release|x64
		{A36ECA6E-65D4-4F4B-92FD-C51FF5EF38B0}.Release|x64.Build.0 = Release|x64
		{A36ECA6E-65D4-4F4B-92FD-C51FF5EF38B0}.Release|x86.ActiveCfg = Release|Win32
		{A36ECA6E-65D4-4F4B-92FD-C51FF5EF38B0}.Release|x86.Build.0 = Release|Win32
		{F4A58BF7-11B5-4169-BC81-8B5E5585CA26}.Debug|x64.ActiveCfg = Debug|x64
		{F4A58BF7-11B5-4169-BC81-8B5E5585CA26}.Debug|x64.Build.0 = Debug|x64
		{F4A58BF7-11B5-4169-BC81-8B5E5585CA26}.Debug|x86.ActiveCfg = Debug|x64
		{F4A58BF7-11B5-4169-BC81-8B5E5585CA26}.Debug|x86.Build.0 = Debug|x64
		{F4A58BF7-11B5-4169-BC81-8B5E5585CA26}.Release|x64.ActiveCfg = Release|x64
		{F4A58BF7-11B5-4169-BC81-8B5E5585CA26}.Release|x64.Build.0 = Release|x64
		{F4A58BF7-11B5-4169-BC81-8B5E5585CA26}.Release|x86.ActiveCfg = Release|x64
		{F4A58BF7-11B5-4169-BC81-8B5E5585CA26}.Release|x86.Build.0 = Release|x64
		{9525E500-932F-4FCB-9B99-8FEF0D7A0585}.Debug|x64.ActiveCfg = Debug|x64
		{9525E500-932F-4FCB-9B99-8FEF0D7A0585}.Debug|x64.Build.0 = Debug|x64
		{9525E500-932F-4FCB-9B99-8FEF0D7A0585}.Debug|x86.ActiveCfg = Debug|Win32
		{9525E500-932F-4FCB-9B99-8FEF0D7A0585}.Debug|x86.Build.0 = Debug|Win32
		{9525E500-932F-4FCB-9B99-8FEF0D7A0585}.Release|x64.ActiveCfg = Release|x64
		{9525E500-932F-4FCB-9B99-8FEF0D7A0585}.Release|x64.Build.0 = Release|x64
		{9525E500-932F-4FCB-9B99-8FEF0D7A0585}.Release|x86.ActiveCfg = Release|Win32
		{9525E500-932F-4FCB-9B99-8FEF0D7A0585}.Release|x86.Build.0 = Release|Win32
		{09894C2F-62CB-4E37-8F13-9C4E28E22511}.Debug|x64.ActiveCfg = Debug|x64
		{09894C2F-62CB-4E37-8F13-9C4E28E22511}.Debug|x64.Build.0 = Debug|x64
		{09894C2F-62CB-4E37-8F13-9C4E28E22511}.Debug|x86.ActiveCfg = Debug|Win32
		{09894C2F-62CB-4E37-8F13-9C4E28E22511}.Debug|x86.Build.0 = Debug|Win32
		{09894C2F-62CB-4E37-8F13-9C4E28E22511}.Release|x64.ActiveCfg = Release|x64
		{09894C2F-62CB-4E37-8F13-9C4E28E22511}.Release|x64.Build.0 = Release|x64
		{09894C2F-62CB-4E37-8F13-9C4E28E22511}.Release|x86.ActiveCfg = Release|Win32
		{09894C2F-62CB-4E37-8F13-9C4E28E22511}.Release|x86.Build.0 = Release|Win32
		{14D0397D-9540-45FF-BB89-6C8ED4375E01}.Debug|x64.ActiveCfg = Debug|x64
		{14D0397D-9540-45FF-BB89-6C8ED4375E01}.Debug|x64.Build.0 = Debug|x64
		{14D0397D-9540-45FF-BB89-6C8ED4375E01}.Debug|x86.ActiveCfg = Debug|x64
		{14D0397D-9540-45FF-BB89-6C8ED4375E01}.Debug|x86.Build.0 = Debug|x64
		{14D0397D-9540-45FF-BB89-6C8ED4375E01}.Release|x64.ActiveCfg = Release|x64
		{14D0397D-9540-45FF-BB89-6C8ED4375E01}.Release|x64.Build.0 = Release|x64
		{14D0397D-9540-45FF-BB89-6C8ED4375E01}.Release|x86.ActiveCfg = Release|x64
		{14D0397D-9540-45FF-BB89-6C8ED4375E01}.Release|x86.Build.0 = Release|x64
		{10665017-0B6B-498E-B094-DC6A6B5667B0}.Debug|x64.ActiveCfg = Debug|x64
		{10665017-0B6B-498E-B094-DC6A6B5667B0}.Debug|x64.Build.0 = Debug|x64
		{10665017-0B6B-498E-B094-DC6A6B5667B0}.Debug|x86.ActiveCfg = Debug|Win32
		{10665017-0B6B-498E-B094-DC6A6B5667B0}.Debug|x86.Build.0 = Debug|Win32
		{10665017-0B6B-498E-B094-DC6A6B5667B0}.Release|x64.ActiveCfg = Release|x64
		{10665017-0B6B-498E-B094-DC6A6B5667B0}.Release|x64.Build.0 = Release|x64
		{10665017-0B6B-498E-B094-DC6A6B5667B0}.Release|x86.ActiveCfg = Release|Win32
		{10665017-0B6B-498E-B094-DC6A6B5667B0}.Release|x86.Build.0 = Release|Win32
		{056BDD58-9469-475D-B553-58199BB7DCA6}.Debug|x64.ActiveCfg = Debug|x64
		{056BDD58-9469-475D-B553-58199BB7DCA6}.Debug|x64.Build.0 = Debug|x64
		{056BDD58-9469-475D-B553-58199BB7DCA6}.Debug|x86.ActiveCfg = Debug|x64
		{056BDD58-9469-475D-B553-58199BB7DCA6}.Debug|x86.Build.0 = Debug|x64
		{056BDD58-9469-475D-B553-58199BB7DCA6}.Release|x64.ActiveCfg = Release|x64
		{056BDD58-9469-475D-B553-58199BB7DCA6}.Release|x64.Build.0 = Release|x64
		{056BDD58-9469-475D-B553-58199BB7DCA6}.Release|x86.ActiveCfg = Release|x64
		{056BDD58-9469-475D-B553-58199BB7DCA6}.Release|x86.Build.0 = Release|x64
		{6FBC5A86-DA45-4058-A3E3-A8D42A3E3A2B}.Debug|x64.ActiveCfg = Debug|x64
		{6FBC5A86-DA45-4058-A3E3-A8D42A3E3A2B}.Debug|x64.Build.0 = Debug|x64
		{6FBC5A86-DA45-4058-A3E3-A8D42A3E3A2B}.Debug|x86.ActiveCfg = Debug|Win32
		{6FBC5A86-DA45-4058-A3E3-A8D42A3E3A2B}.Debug|x86.Build.0 = Debug|Win32
		{6FBC5A86-DA45-4058-A3E3-A8D42A3E3A2B}.Release|x64.ActiveCfg = Release|x64
		{6FBC5A86-DA45-4058-A3E3-A8D42A3E3A2B}.Release|x64.Build.0 = Release|x64
		{6FBC5A86-DA45-4058-A3E3-A8D42A3E3A2B}.Release|x86.ActiveCfg = Release|Win32
		{6FBC5A86-DA45-4058-A3E3-A8D42A3E3A2B}.Release|x86.Build.0 = Release|Win32
		{ADB5CC5E-931E-4174-9650-AB8BB033BD37}.Debug|x64.ActiveCfg = Debug|x64
		{ADB5CC5E-931E-4174-9650-AB8BB033BD37}.Debug|x64.Build.0 = Debug|x64
		{ADB5CC5E-931E-4174-9650-AB8BB033BD37}.Debug|x86.ActiveCfg = Debug|x64
		{ADB5CC5E-931E-4174-9650-AB8BB033BD37}.Debug|x86.Build.0 = Debug|x64
		{ADB5CC5E-931E-4174-9650-AB8BB033BD37}.Release|x64.ActiveCfg = Release|x64
		{ADB5CC5E-931E-4174-9650-AB8BB033BD37}.Release|x64.Build.0 = Release|x64
		{ADB5CC5E-931E-4174-9650-AB8BB033BD37}.Release|x86.ActiveCfg = Release|x64
		{ADB5CC5E-931E-4174-9650-AB8BB033BD37}.Release|x86.Build.0 = Release|x64
		{2C6EFB1B-DDFE-474F-B89F-7596D9196172}.Debug|x64.ActiveCfg = Debug|x64
		{2C6EFB1B-DDFE-474F-B89F-7596D9196172}.Debug|x64.Build.0 = Debug|x64
		{2C6EFB1B-DDFE-474F-B89F-7596D9196172}.Debug|x86.ActiveCfg = Debug|Win32
		{2C6EFB1B-DDFE-474F-B89F-7596D9196172}.Debug|x86.Build.0 = Debug|Win32
		{2C6EFB1B-DDFE-474F-B89F-7596D9196172}.Release|x64.ActiveCfg = Release|x64
		{2C6EFB1B-DDFE-474F-B89F-7596D9196172}.Release|x64.Build.0 = Release|x64
		{2C6EFB1B-DDFE-474F-B89F-7596D9196172}.Release|x86.ActiveCfg = Release|Win32
		{2C6EFB1B-DDFE-474F-B89F-7596D9196172}.Release|x86.Build.0 = Release|Win32
		{3C58FB18-40B8-4CB3-8DE5-33E45D092B8D}.Debug|x64.ActiveCfg = Debug|x64
		{3C58FB18-40B8-4CB3-8DE5-33E45D092B8D}.Debug|x64.Build.0 = Debug|x64
		{3C58FB18-40B8-4CB3-8DE5-33E45D092B8D}.Debug|x86.ActiveCfg = Debug|Win32
		{3C58FB18-40B8-4CB3-8DE5-33E45D092B8D}.Debug|x86.Build.0 = Debug|Win32
		{3C58FB18-40B8-4CB3-8DE5-33E45D092B8D}.Release|x64.ActiveCfg = Release|x64
		{3C58FB18-40B8-4CB3-8DE5-33E45D092B8D}.Release|x64.Build.0 = Release|x64
		{3C58FB18-40B8-4CB3-8DE5-33E45D092B8D}.Release|x86.ActiveCfg = Release|Win32
		{3C58FB18-40B8-4CB3-8DE5-33E45D092B8D}.Release|x86.Build.0 = Release|Win32
		{B5100344-257C-4EF1-8824-431456D9CA8A}.Debug|x64.ActiveCfg = Debug|x64
		{B5100344-257C-4EF1-8824-431456D9CA8A}.Debug|x64.Build.0 = Debug|x64
		{B5100344-257C-4EF1-8824-431456D9CA8A}.Debug|x86.ActiveCfg = Debug|Win32
		{B5100344-257C-4EF1-8824-431456D9CA8A}.Debug|x86.Build.0 = Debug|Win32
		{B5100344-257C-4EF1-8824-431456D9CA8A}.Release|x64.ActiveCfg = Release|x64
		{B5100344-257C-4EF1-8824-431456D9CA8A}.Release|x64.Build.0 = Release|x64
		{B5100344-257C-4EF1-8824-431456D9CA8A}.Release|x86.ActiveCfg = Release|Win32
		{B5100344-257C-4EF1-8824-431456D9CA8A}.Release|x86.Build.0 = Release|Win32
		{3A9A2EEE-ECB9-4BC1-8F09-1A1A8E33190A}.Debug|x64.ActiveCfg = Debug|x64
		{3A9A2EEE-ECB9-4BC1-8F09-1A1A8E33190A}.Debug|x64.Build.0 = Debug|x64
		{3A9A2EEE-ECB9-4BC1-8F09-1A1A8E33190A}.Debug|x86.ActiveCfg = Debug|Win32
		{3A9A2EEE-ECB9-4BC1-8F09-1A1A8E33190A}.Debug|x86.Build.0 = Debug|Win32
		{3A9A2EEE-ECB9-4BC1-8F09-1A1A8E33190A}.Release|x64.ActiveCfg = Release|x64
		{3A9A2EEE-ECB9-4BC1-8F09-1A1A8E33190A}.Release|x64.Build.0 = Release|x64
		{3A9A2EEE-ECB9-4BC1-8F09-1A1A8E33190A}.Release|x86.ActiveCfg = Release|Win32
		{3A9A2EEE-ECB9-4BC1-8F09-1A1A8E33190A}.Release|x86.Build.0 = Release|Win32
		{A389BA2D-C357-4E76-909D-EA73F0D7111F}.Debug|x64.ActiveCfg = Debug|x64
		{A389BA2D-C357-4E76-909D-EA73F0D7111F}.Debug|x64.Build.0 = Debug|x64
		{A389BA2D-C357-4E76-909D-EA73F0D7111F}.Debug|x86.ActiveCfg = Debug|x64
		{A389BA2D-C357-4E76-909D-EA73F0D7111F}.Debug|x86.Build.0 = Debug|x64
		{A389BA2D-C357-4E76-909D-EA73F0D7111F}.Release|x64.ActiveCfg = Release|x64
		{A389BA2D-C357-4E76-909D-EA73F0D7111F}.Release|x64.Build.0 = Release|x64
		{A389BA2D-C357-4E76-909D-EA73F0D7111F}.Release|x86.ActiveCfg = Release|x64
		{A389BA2D-C357-4E76-909D-EA73F0D7111F}.Release|x86.Build.0 = Release|x64
		{CF54D3A4-82EC-40FA-8172-2B105E3DF2A7}.Debug|x64.ActiveCfg = Debug|x64
		{CF54D3A4-82EC-40FA-8172-2B105E3DF2A7}.Debug|x64.Build.0 = Debug|x64
		{CF54D3A4-82EC-40FA-8172-2B105E3DF2A7}.Debug|x86.ActiveCfg = Debug|x64
		{CF54D3A4-82EC-40FA-8172-2B105E3DF2A7}.Debug|x86.Build.0 = Debug|x64
		{CF54D3A4-82EC-40FA-8172-2B105E3DF2A7}.Release|x64.ActiveCfg = Release|x64
		{CF54D3A4-82EC-40FA-8172-2B105E3DF2A7}.Release|x64.Build.0 = Release|x64
		{CF54D3A4-82EC-40FA-8172-2B105E3DF2A7}.Release|x86.ActiveCfg = Release|x64
		{CF54D3A4-82EC-40FA-8172-2B105E3DF2A7}.Release|x86.Build.0 = Release|x64
		{A39E3F51-3468-475A-9025-5CC33B6CA495}.Debug|x64.ActiveCfg = Debug|x64
		{A39E3F51-3468-475A-9025-5CC33B6CA495}.Debug|x64.Build.0 = Debug|x64
		{A39E3F51-3468-475A-9025-5CC33B6CA495}.Debug|x86.ActiveCfg = Debug|x64
		{A39E3F51-3468-475A-9025-5CC33B6CA495}.Debug|x86.Build.0 = Debug|x64
		{A39E3F51-3468-475A-9025-5CC33B6CA495}.Release|x64.ActiveCfg = Release|x64
		{A39E3F51-3468-475A-9025-5CC33B6CA495}.Release|x64.Build.0 = Release|x64
		{A39E3F51-3468-475A-9025-5CC33B6CA495}.Release|x86.ActiveCfg = Release|x64
		{A39E3F51-3468-475A-9025-5CC33B6CA495}.Release|x86.Build.0 = Release|x64
		{98763E4C-6B32-4D3C-B796-9EBB7DDD88D6}.Debug|x64.ActiveCfg = Debug|x64
		{98763E4C-6B32-4D3C-B796-9EBB7DDD88D6}.Debug|x64.Build.0 = Debug|x64
		{98763E4C-6B32-4D3C-B796-9EBB7DDD88D6}.Debug|x86.ActiveCfg = Debug|x64
		{98763E4C-6B32-4D3C-B796-9EBB7DDD88D6}.Debug|x86.Build.0 = Debug|x64
		{98763E4C-6B32-4D3C-B796-9EBB7DDD88D6}.Release|x64.ActiveCfg = Release|x64
		{98763E4C-6B32-4D3C-B796-9EBB7DDD88D6}.Release|x64.Build.0 = Release|x64
		{98763E4C-6B32-4D3C-B796-9EBB7DDD88D6}.Release|x86.ActiveCfg = Release|x64
		{98763E4C-6B32-4D3C-B796-9EBB7DDD88D6}.Release|x86.Build.0 = Release|x64
		{3A586679-BDE1-4402-B3AB-9554243F9CC3}.Debug|x64.ActiveCfg = Debug|x64
		{3A586679-BDE1-4402-B3AB-9554243F9CC3}.Debug|x64.Build.0 = Debug|x64
		{3A586679-BDE1-4402-B3AB-9554243F9CC3}.Debug|x86.ActiveCfg = Debug|x64
		{3A586679-BDE1-4402-B3AB-9554243F9CC3}.Debug|x86.Build.0 = Debug|x64
		{3A586679-BDE1-4402-B3AB-9554243F9CC3}.Release|x64.ActiveCfg = Release|x64
		{3A586679-BDE1-4402-B3AB-9554243F9CC3}.Release|x64.Build.0 = Release|x64
		{3A586679-BDE1-4402-B3AB-9554243F9CC3}.Release|x86.ActiveCfg = Release|x64
		{3A586679-BDE1-4402-B3AB-9554243F9CC3}.Release|x86.Build.0 = Release|x64
		{3882B421-8057-4D8B-8545-AEE51A222D9F}.Debug|x64.ActiveCfg = Debug|x64
		{3882B421-8057-4D8B-8545-AEE51A222D9F}.Debug|x64.Build.0 = Debug|x64
		{3882B421-8057-4D8B-8545-AEE51A222D9F}.Debug|x86.ActiveCfg = Debug|x64
		{3882B421-8057-4D8B-8545-AEE51A222D9F}.Debug|x86.Build.0 = Debug|x64
		{3882B421-8057-4D8B-8545-AEE51A222D9F}.Release|x64.ActiveCfg = Release|x64
		{3882B421-8057-4D8B-8545-AEE51A222D9F}.Release|x64.Build.0 = Release|x64
		{3882B421-8057-4D8B-8545-AEE51A222D9F}.Release|x86.ActiveCfg = Release|x64
		{3882B421-8057-4D8B-8545-AEE51A222D9F}.Release|x86.Build.0 = Release|x64
	EndGlobalSection
	GlobalSection(SolutionProperties) = preSolution
		HideSolutionNode = FALSE
	EndGlobalSection
	GlobalSection(ExtensibilityGlobals) = postSolution
		SolutionGuid = {B8EB7072-9277-41A9-A72F-28C6EB7BD2EB}
	EndGlobalSection
EndGlobal
